{
  "version": 4,
  "terraform_version": "1.9.6",
  "serial": 5,
  "lineage": "1c39f468-123e-1651-3eed-bd2eebd0cd89",
  "outputs": {
    "ansible_inventory": {
      "value": [
        {
          "group": "hostgroup",
          "ips": [
            "10.134.12.85"
          ],
          "name": "hostnode"
        },
        {
          "group": "clientgroup",
          "ips": [
            "10.134.12.80"
          ],
          "name": "clientnode"
        }
      ],
      "type": [
        "tuple",
        [
          [
            "object",
            {
              "group": "string",
              "ips": [
                "list",
                "string"
              ],
              "name": "string"
            }
          ],
          [
            "object",
            {
              "group": "string",
              "ips": [
                "list",
                "string"
              ],
              "name": "string"
            }
          ]
        ]
      ]
    },
    "client_vm_ids": {
      "value": [
        "ucabhtd-comp0235-ns/learning-cluster-ucabhtd-client"
      ],
      "type": [
        "tuple",
        [
          "string"
        ]
      ]
    },
    "client_vm_ips": {
      "value": [
        "10.134.12.80"
      ],
      "type": [
        "tuple",
        [
          "string"
        ]
      ]
    },
    "host_vm_ids": {
      "value": [
        "ucabhtd-comp0235-ns/learning-cluster-ucabhtd-host"
      ],
      "type": [
        "tuple",
        [
          "string"
        ]
      ]
    },
    "host_vm_ips": {
      "value": [
        "10.134.12.85"
      ],
      "type": [
        "tuple",
        [
          "string"
        ]
      ]
    },
    "hostnames": {
      "value": {
        "grafana": "grafana-learning-cluster-ucabhtd",
        "hdfs": "hdfs-learning-cluster-ucabhtd",
        "minio_console": "cons-learning-cluster-ucabhtd",
        "minio_s3": "s3-learning-cluster-ucabhtd",
        "node_exporter": "nodeexporter-learning-cluster-ucabhtd",
        "prometheus": "prometheus-learning-cluster-ucabhtd",
        "yarn": "yarn-learning-cluster-ucabhtd"
      },
      "type": [
        "object",
        {
          "grafana": "string",
          "hdfs": "string",
          "minio_console": "string",
          "minio_s3": "string",
          "node_exporter": "string",
          "prometheus": "string",
          "yarn": "string"
        }
      ]
    }
  },
  "resources": [
    {
      "mode": "data",
      "type": "harvester_image",
      "name": "img",
      "provider": "provider[\"registry.terraform.io/harvester/harvester\"]",
      "instances": [
        {
          "schema_version": 0,
          "attributes": {
            "description": "",
            "display_name": "almalinux-9.4-20240805",
            "id": "harvester-public/image-bp52g",
            "message": "",
            "name": "image-bp52g",
            "namespace": "harvester-public",
            "progress": 100,
            "pvc_name": "",
            "pvc_namespace": "",
            "size": 591724544,
            "source_type": "download",
            "state": "Active",
            "storage_class_name": "harvester-longhorn",
            "storage_class_parameters": {
              "migratable": "true",
              "numberOfReplicas": "3",
              "staleReplicaTimeout": "30"
            },
            "tags": {},
            "url": "https://repo.almalinux.org/almalinux/9/cloud/x86_64/images/AlmaLinux-9-GenericCloud-9.4-20240805.x86_64.qcow2",
            "volume_storage_class_name": "longhorn-image-bp52g"
          },
          "sensitive_attributes": []
        }
      ]
    },
    {
      "mode": "data",
      "type": "harvester_ssh_key",
      "name": "mysshkey",
      "provider": "provider[\"registry.terraform.io/harvester/harvester\"]",
      "instances": [
        {
          "schema_version": 0,
          "attributes": {
            "description": "",
            "fingerprint": "af:5d:b1:1d:dd:29:bd:57:d6:2a:78:00:98:f7:52:2d",
            "id": "ucabhtd-comp0235-ns/ucabhtd-cnc",
            "message": null,
            "name": "ucabhtd-cnc",
            "namespace": "ucabhtd-comp0235-ns",
            "public_key": "ssh-rsa AAAAB3NzaC1yc2EAAAADAQABAAABgQDD13Evba/YWlWn3AjEqByTY84b8MUNt8NAj1MaJHVri5c5g9zFldVg0SgPSe3XtoAyKPLata5NEf+vfFDr8a7rqzA0UXmue433XJUVEybWPQ3YKqedZ/FGxlMg6d2uPz++wosd3wRdWUM5aUDAVNEPPBfqnsc92V7BHcS9wZtZWs6A/fNyiDzfDoF9Tlt2GXi62WBzjxCnAV3BDuuOCJlJi5r1ZUp8jzP1SSiXQ4+DZQKVxsW6creb6MI1J3xTAdPEmzQ7M+YMpTs74bJBAWM2170U9WEO061iNLFXN+v0+x41ZQmcS24UGfV1ODr+TjhIiaJp7voa7CaM2rC9VoeDcYn2mCEO0DvXqzS1wbj3MKTYHys1CY/X+ZDu3TLWRyWTxVWzpv9KEp2CBCpeaXfAKakEcSarvW5m26jB9NvB9bF0RQPu6fNw1el4stX1vn6DSbpERnpBs7N/475fKjX+vuGRamMIcqUtBNY3yc3H2XpZ9t8MYdJTeyLlWUrSaVE= almalinux@ucabhtd\n",
            "state": "Validated",
            "tags": {}
          },
          "sensitive_attributes": []
        }
      ]
    },
    {
      "mode": "managed",
      "type": "harvester_cloudinit_secret",
      "name": "cloud_config",
      "provider": "provider[\"registry.terraform.io/harvester/harvester\"]",
      "instances": [
        {
          "schema_version": 0,
          "attributes": {
            "description": "",
            "id": "ucabhtd-comp0235-ns/learning-cluster-ucabhtd-cloud-config",
            "message": null,
            "name": "learning-cluster-ucabhtd-cloud-config",
            "namespace": "ucabhtd-comp0235-ns",
            "network_data": null,
            "network_data_base64": "",
            "state": null,
            "tags": null,
            "user_data": "#cloud-config\nbootcmd:\n  - [ dnf, config-manager, --set-enabled, crb ]\n  - [ dnf, install, -y, epel-release ]\n\nssh_authorized_keys:\n  - ssh-rsa AAAAB3NzaC1yc2EAAAADAQABAAABgQDD13Evba/YWlWn3AjEqByTY84b8MUNt8NAj1MaJHVri5c5g9zFldVg0SgPSe3XtoAyKPLata5NEf+vfFDr8a7rqzA0UXmue433XJUVEybWPQ3YKqedZ/FGxlMg6d2uPz++wosd3wRdWUM5aUDAVNEPPBfqnsc92V7BHcS9wZtZWs6A/fNyiDzfDoF9Tlt2GXi62WBzjxCnAV3BDuuOCJlJi5r1ZUp8jzP1SSiXQ4+DZQKVxsW6creb6MI1J3xTAdPEmzQ7M+YMpTs74bJBAWM2170U9WEO061iNLFXN+v0+x41ZQmcS24UGfV1ODr+TjhIiaJp7voa7CaM2rC9VoeDcYn2mCEO0DvXqzS1wbj3MKTYHys1CY/X+ZDu3TLWRyWTxVWzpv9KEp2CBCpeaXfAKakEcSarvW5m26jB9NvB9bF0RQPu6fNw1el4stX1vn6DSbpERnpBs7N/475fKjX+vuGRamMIcqUtBNY3yc3H2XpZ9t8MYdJTeyLlWUrSaVE= almalinux@ucabhtd\n\n",
            "user_data_base64": ""
          },
          "sensitive_attributes": [],
          "private": "bnVsbA==",
          "dependencies": [
            "data.harvester_ssh_key.mysshkey"
          ]
        }
      ]
    },
    {
      "module": "module.client_vm",
      "mode": "managed",
      "type": "harvester_virtualmachine",
      "name": "vm",
      "provider": "provider[\"registry.terraform.io/harvester/harvester\"]",
      "instances": [
        {
          "schema_version": 0,
          "attributes": {
            "cloudinit": [
              {
                "network_data": "",
                "network_data_base64": "",
                "network_data_secret_name": "",
                "type": "noCloud",
                "user_data": "",
                "user_data_base64": "",
                "user_data_secret_name": "learning-cluster-ucabhtd-cloud-config"
              }
            ],
            "cpu": 8,
            "description": "Cluster client node",
            "disk": [
              {
                "access_mode": "ReadWriteMany",
                "auto_delete": true,
                "boot_order": 1,
                "bus": "virtio",
                "container_image_name": "",
                "existing_volume_name": "",
                "hot_plug": false,
                "image": "harvester-public/image-bp52g",
                "name": "root-disk",
                "size": "50Gi",
                "storage_class_name": "longhorn-image-bp52g",
                "type": "disk",
                "volume_mode": "Block",
                "volume_name": "learning-cluster-ucabhtd-client-root-disk-cj55s"
              },
              {
                "access_mode": "ReadWriteMany",
                "auto_delete": true,
                "boot_order": 2,
                "bus": "virtio",
                "container_image_name": "",
                "existing_volume_name": "",
                "hot_plug": false,
                "image": "",
                "name": "data-disk",
                "size": "50Gi",
                "storage_class_name": "harvester-longhorn",
                "type": "disk",
                "volume_mode": "Block",
                "volume_name": "learning-cluster-ucabhtd-client-data-disk-bz9q8"
              }
            ],
            "efi": true,
            "hostname": "learning-cluster-ucabhtd-client",
            "id": "ucabhtd-comp0235-ns/learning-cluster-ucabhtd-client",
            "input": [],
            "machine_type": "q35",
            "memory": "32Gi",
            "message": null,
            "name": "learning-cluster-ucabhtd-client",
            "namespace": "ucabhtd-comp0235-ns",
            "network_interface": [
              {
                "interface_name": "eth0",
                "ip_address": "10.134.12.80",
                "mac_address": "0e:8e:e7:8b:ed:79",
                "model": "virtio",
                "name": "nic-1",
                "network_name": "ucabhtd-comp0235-ns/ds4eng",
                "type": "bridge",
                "wait_for_lease": true
              }
            ],
            "node_name": "harvester-c8g4l",
            "reserved_memory": "100Mi",
            "restart_after_update": true,
            "run_strategy": "RerunOnFailure",
            "secure_boot": false,
            "ssh_keys": null,
            "start": null,
            "state": "Ready",
            "tags": {
              "condenser_ingress_cons_hostname": "cons-learning-cluster-ucabhtd",
              "condenser_ingress_cons_nginx_proxy-body-size": "100000m",
              "condenser_ingress_cons_port": "9001",
              "condenser_ingress_cons_protocol": "https",
              "condenser_ingress_isAllowed": "true",
              "condenser_ingress_isEnabled": "true",
              "condenser_ingress_nodeexporter_hostname": "nodeexporter-learning-cluster-ucabhtd",
              "condenser_ingress_nodeexporter_port": "9100",
              "condenser_ingress_os_hostname": "s3-learning-cluster-ucabhtd",
              "condenser_ingress_os_nginx_proxy-body-size": "100000m",
              "condenser_ingress_os_port": "9000",
              "condenser_ingress_os_protocol": "https"
            },
            "tpm": []
          },
          "sensitive_attributes": [],
          "private": "bnVsbA==",
          "dependencies": [
            "data.harvester_image.img",
            "data.harvester_ssh_key.mysshkey",
            "harvester_cloudinit_secret.cloud_config"
          ]
        }
      ]
    },
    {
      "module": "module.host_vm",
      "mode": "managed",
      "type": "harvester_virtualmachine",
      "name": "vm",
      "provider": "provider[\"registry.terraform.io/harvester/harvester\"]",
      "instances": [
        {
          "schema_version": 0,
          "attributes": {
            "cloudinit": [
              {
                "network_data": "",
                "network_data_base64": "",
                "network_data_secret_name": "",
                "type": "noCloud",
                "user_data": "",
                "user_data_base64": "",
                "user_data_secret_name": "learning-cluster-ucabhtd-cloud-config"
              }
            ],
            "cpu": 4,
            "description": "Cluster head node",
            "disk": [
              {
                "access_mode": "ReadWriteMany",
                "auto_delete": true,
                "boot_order": 1,
                "bus": "virtio",
                "container_image_name": "",
                "existing_volume_name": "",
                "hot_plug": false,
                "image": "harvester-public/image-bp52g",
                "name": "root-disk",
                "size": "20Gi",
                "storage_class_name": "longhorn-image-bp52g",
                "type": "disk",
                "volume_mode": "Block",
                "volume_name": "learning-cluster-ucabhtd-host-root-disk-ltr5x"
              }
            ],
            "efi": true,
            "hostname": "learning-cluster-ucabhtd-host",
            "id": "ucabhtd-comp0235-ns/learning-cluster-ucabhtd-host",
            "input": [],
            "machine_type": "q35",
            "memory": "8Gi",
            "message": null,
            "name": "learning-cluster-ucabhtd-host",
            "namespace": "ucabhtd-comp0235-ns",
            "network_interface": [
              {
                "interface_name": "eth0",
                "ip_address": "10.134.12.85",
                "mac_address": "06:e0:a5:bb:cb:38",
                "model": "virtio",
                "name": "nic-1",
                "network_name": "ucabhtd-comp0235-ns/ds4eng",
                "type": "bridge",
                "wait_for_lease": true
              }
            ],
            "node_name": "harvester-t67j7",
            "reserved_memory": "100Mi",
            "restart_after_update": true,
            "run_strategy": "RerunOnFailure",
            "secure_boot": false,
            "ssh_keys": null,
            "start": null,
            "state": "Ready",
            "tags": {
              "condenser_ingress_grafana_hostname": "grafana-learning-cluster-ucabhtd",
              "condenser_ingress_grafana_port": "3000",
              "condenser_ingress_isAllowed": "true",
              "condenser_ingress_isEnabled": "true",
              "condenser_ingress_prometheus_hostname": "prometheus-learning-cluster-ucabhtd",
              "condenser_ingress_prometheus_port": "9090"
            },
            "tpm": []
          },
          "sensitive_attributes": [],
          "private": "bnVsbA==",
          "dependencies": [
            "data.harvester_image.img",
            "data.harvester_ssh_key.mysshkey",
            "harvester_cloudinit_secret.cloud_config"
          ]
        }
      ]
    }
  ],
  "check_results": null
}
